
Microsoft Visual Studio Solution File, Format Version 12.00
# Visual Studio Version 17
VisualStudioVersion = 17.9.34728.123
MinimumVisualStudioVersion = 10.0.40219.1
Project("{FAE04EC0-301F-11D3-BF4B-00C04F79EFBC}") = "RustishkaBridge", "RustishkaBridge\RustishkaBridge.csproj", "{8E2D96AE-5878-47F6-8180-13775F32080A}"
EndProject
Project("{FAE04EC0-301F-11D3-BF4B-00C04F79EFBC}") = "Rustishka.Tests", "Rustishka.Tests\Rustishka.Tests.csproj", "{942C7E13-DA55-44C8-835E-F2A986761AC9}"
EndProject
Global
	GlobalSection(SolutionConfigurationPlatforms) = preSolution
		Debug|Any CPU = Debug|Any CPU
		Release|Any CPU = Release|Any CPU
	EndGlobalSection
	GlobalSection(ProjectConfigurationPlatforms) = postSolution
		{8E2D96AE-5878-47F6-8180-13775F32080A}.Debug|Any CPU.ActiveCfg = Debug|Any CPU
		{8E2D96AE-5878-47F6-8180-13775F32080A}.Debug|Any CPU.Build.0 = Debug|Any CPU
		{8E2D96AE-5878-47F6-8180-13775F32080A}.Release|Any CPU.ActiveCfg = Release|Any CPU
		{8E2D96AE-5878-47F6-8180-13775F32080A}.Release|Any CPU.Build.0 = Release|Any CPU
		{942C7E13-DA55-44C8-835E-F2A986761AC9}.Debug|Any CPU.ActiveCfg = Debug|Any CPU
		{942C7E13-DA55-44C8-835E-F2A986761AC9}.Debug|Any CPU.Build.0 = Debug|Any CPU
		{942C7E13-DA55-44C8-835E-F2A986761AC9}.Release|Any CPU.ActiveCfg = Release|Any CPU
		{942C7E13-DA55-44C8-835E-F2A986761AC9}.Release|Any CPU.Build.0 = Release|Any CPU
	EndGlobalSection
	GlobalSection(SolutionProperties) = preSolution
		HideSolutionNode = FALSE
	EndGlobalSection
	GlobalSection(ExtensibilityGlobals) = postSolution
		SolutionGuid = {03ED1E0A-260E-4429-B07C-CFB288DEF3E4}
	EndGlobalSection
EndGlobal
